
Microsoft Visual Studio Solution File, Format Version 12.00
# Visual Studio 14
VisualStudioVersion = 14.0.25420.1
MinimumVisualStudioVersion = 10.0.40219.1
Project("{2150E333-8FDC-42A3-9474-1A3956D46DE8}") = "src", "src", "{3190AC61-D2E5-4A06-9B91-2DCF2D94C575}"
EndProject
Project("{2150E333-8FDC-42A3-9474-1A3956D46DE8}") = "Solution Items", "Solution Items", "{06F52AC7-FC72-4195-9BA9-CCBB6C57600B}"
	ProjectSection(SolutionItems) = preProject
		global.json = global.json
	EndProjectSection
EndProject
Project("{8BB2217D-0F2D-49D1-97BC-3654ED321F3B}") = "EvoBoxAPI", "src\EvoBoxAPI\EvoBoxAPI.xproj", "{E03BF343-D60E-4BA2-96E5-DE1FAD8D6EC3}"
EndProject
Project("{8BB2217D-0F2D-49D1-97BC-3654ED321F3B}") = "BoxConsole", "src\BoxConsole\BoxConsole.xproj", "{7B925FC8-47BF-4E3E-8FD7-31417F4A3CB5}"
EndProject
Project("{FAE04EC0-301F-11D3-BF4B-00C04F79EFBC}") = "NtpLibrary", "NtpLibrary\NtpLibrary.csproj", "{036121CD-2553-4F48-A072-7DF0DD1EC9D7}"
EndProject
Project("{FAE04EC0-301F-11D3-BF4B-00C04F79EFBC}") = "MainTesterConsole", "MainTesterConsole\MainTesterConsole.csproj", "{27756466-20A7-45A1-862C-BFB5FD0B0A0A}"
EndProject
Global
	GlobalSection(SolutionConfigurationPlatforms) = preSolution
		Debug|Any CPU = Debug|Any CPU
		Release|Any CPU = Release|Any CPU
	EndGlobalSection
	GlobalSection(ProjectConfigurationPlatforms) = postSolution
		{E03BF343-D60E-4BA2-96E5-DE1FAD8D6EC3}.Debug|Any CPU.ActiveCfg = Debug|Any CPU
		{E03BF343-D60E-4BA2-96E5-DE1FAD8D6EC3}.Debug|Any CPU.Build.0 = Debug|Any CPU
		{E03BF343-D60E-4BA2-96E5-DE1FAD8D6EC3}.Release|Any CPU.ActiveCfg = Release|Any CPU
		{E03BF343-D60E-4BA2-96E5-DE1FAD8D6EC3}.Release|Any CPU.Build.0 = Release|Any CPU
		{7B925FC8-47BF-4E3E-8FD7-31417F4A3CB5}.Debug|Any CPU.ActiveCfg = Debug|Any CPU
		{7B925FC8-47BF-4E3E-8FD7-31417F4A3CB5}.Debug|Any CPU.Build.0 = Debug|Any CPU
		{7B925FC8-47BF-4E3E-8FD7-31417F4A3CB5}.Release|Any CPU.ActiveCfg = Release|Any CPU
		{7B925FC8-47BF-4E3E-8FD7-31417F4A3CB5}.Release|Any CPU.Build.0 = Release|Any CPU
		{036121CD-2553-4F48-A072-7DF0DD1EC9D7}.Debug|Any CPU.ActiveCfg = Debug|Any CPU
		{036121CD-2553-4F48-A072-7DF0DD1EC9D7}.Debug|Any CPU.Build.0 = Debug|Any CPU
		{036121CD-2553-4F48-A072-7DF0DD1EC9D7}.Release|Any CPU.ActiveCfg = Release|Any CPU
		{036121CD-2553-4F48-A072-7DF0DD1EC9D7}.Release|Any CPU.Build.0 = Release|Any CPU
		{27756466-20A7-45A1-862C-BFB5FD0B0A0A}.Debug|Any CPU.ActiveCfg = Debug|Any CPU
		{27756466-20A7-45A1-862C-BFB5FD0B0A0A}.Debug|Any CPU.Build.0 = Debug|Any CPU
		{27756466-20A7-45A1-862C-BFB5FD0B0A0A}.Release|Any CPU.ActiveCfg = Release|Any CPU
		{27756466-20A7-45A1-862C-BFB5FD0B0A0A}.Release|Any CPU.Build.0 = Release|Any CPU
	EndGlobalSection
	GlobalSection(SolutionProperties) = preSolution
		HideSolutionNode = FALSE
	EndGlobalSection
	GlobalSection(NestedProjects) = preSolution
		{E03BF343-D60E-4BA2-96E5-DE1FAD8D6EC3} = {3190AC61-D2E5-4A06-9B91-2DCF2D94C575}
		{7B925FC8-47BF-4E3E-8FD7-31417F4A3CB5} = {3190AC61-D2E5-4A06-9B91-2DCF2D94C575}
	EndGlobalSection
EndGlobal
